
Microsoft Visual Studio Solution File, Format Version 12.00
# Visual Studio Version 17
VisualStudioVersion = 17.9.34902.65
MinimumVisualStudioVersion = 10.0.40219.1
Project("{FAE04EC0-301F-11D3-BF4B-00C04F79EFBC}") = "MauiPdfJSViewer", "MauiPdfJSViewer.csproj", "{AF0A517B-FF96-49B5-8891-D57B79F4DA94}"
EndProject
Global
	GlobalSection(SolutionConfigurationPlatforms) = preSolution
		Debug|Any CPU = Debug|Any CPU
		Release|Any CPU = Release|Any CPU
	EndGlobalSection
	GlobalSection(ProjectConfigurationPlatforms) = postSolution
		{AF0A517B-FF96-49B5-8891-D57B79F4DA94}.Debug|Any CPU.ActiveCfg = Debug|Any CPU
		{AF0A517B-FF96-49B5-8891-D57B79F4DA94}.Debug|Any CPU.Build.0 = Debug|Any CPU
		{AF0A517B-FF96-49B5-8891-D57B79F4DA94}.Release|Any CPU.ActiveCfg = Release|Any CPU
		{AF0A517B-FF96-49B5-8891-D57B79F4DA94}.Release|Any CPU.Build.0 = Release|Any CPU
	EndGlobalSection
	GlobalSection(SolutionProperties) = preSolution
		HideSolutionNode = FALSE
	EndGlobalSection
	GlobalSection(ExtensibilityGlobals) = postSolution
		SolutionGuid = {4C3A52D9-6552-4482-9D48-A0382F9E345F}
	EndGlobalSection
EndGlobal
